// !$*UTF8*$!
{
	archiveVersion = 1;
	classes = {
	};
	objectVersion = 46;
	objects = {

/* Begin PBXBuildFile section */
		E02EC58C18CFEE2000DB673F /* Foundation.framework in Frameworks */ = {isa = PBXBuildFile; fileRef = E02EC58B18CFEE2000DB673F /* Foundation.framework */; };
		E02EC58E18CFEE2000DB673F /* CoreGraphics.framework in Frameworks */ = {isa = PBXBuildFile; fileRef = E02EC58D18CFEE2000DB673F /* CoreGraphics.framework */; };
		E02EC59018CFEE2000DB673F /* UIKit.framework in Frameworks */ = {isa = PBXBuildFile; fileRef = E02EC58F18CFEE2000DB673F /* UIKit.framework */; };
		E02EC59618CFEE2000DB673F /* InfoPlist.strings in Resources */ = {isa = PBXBuildFile; fileRef = E02EC59418CFEE2000DB673F /* InfoPlist.strings */; };
		E02EC59818CFEE2000DB673F /* main.m in Sources */ = {isa = PBXBuildFile; fileRef = E02EC59718CFEE2000DB673F /* main.m */; };
		E02EC59C18CFEE2000DB673F /* AppDelegate.m in Sources */ = {isa = PBXBuildFile; fileRef = E02EC59B18CFEE2000DB673F /* AppDelegate.m */; };
		E02EC59F18CFEE2000DB673F /* Main.storyboard in Resources */ = {isa = PBXBuildFile; fileRef = E02EC59D18CFEE2000DB673F /* Main.storyboard */; };
		E02EC5A218CFEE2000DB673F /* ViewController.m in Sources */ = {isa = PBXBuildFile; fileRef = E02EC5A118CFEE2000DB673F /* ViewController.m */; };
		E02EC5A418CFEE2000DB673F /* Images.xcassets in Resources */ = {isa = PBXBuildFile; fileRef = E02EC5A318CFEE2000DB673F /* Images.xcassets */; };
		E02EC5AB18CFEE2000DB673F /* XCTest.framework in Frameworks */ = {isa = PBXBuildFile; fileRef = E02EC5AA18CFEE2000DB673F /* XCTest.framework */; };
		E02EC5AC18CFEE2000DB673F /* Foundation.framework in Frameworks */ = {isa = PBXBuildFile; fileRef = E02EC58B18CFEE2000DB673F /* Foundation.framework */; };
		E02EC5AD18CFEE2000DB673F /* UIKit.framework in Frameworks */ = {isa = PBXBuildFile; fileRef = E02EC58F18CFEE2000DB673F /* UIKit.framework */; };
		E02EC5B518CFEE2000DB673F /* InfoPlist.strings in Resources */ = {isa = PBXBuildFile; fileRef = E02EC5B318CFEE2000DB673F /* InfoPlist.strings */; };
		E02EC5B718CFEE2000DB673F /* practica_6Tests.m in Sources */ = {isa = PBXBuildFile; fileRef = E02EC5B618CFEE2000DB673F /* practica_6Tests.m */; };
		E02EC5CC18CFF3C300DB673F /* 1.png in Resources */ = {isa = PBXBuildFile; fileRef = E02EC5C818CFF3C300DB673F /* 1.png */; };
		E02EC5CD18CFF3C300DB673F /* 2.png in Resources */ = {isa = PBXBuildFile; fileRef = E02EC5C918CFF3C300DB673F /* 2.png */; };
		E02EC5CE18CFF3C300DB673F /* 3.png in Resources */ = {isa = PBXBuildFile; fileRef = E02EC5CA18CFF3C300DB673F /* 3.png */; };
		E02EC5CF18CFF3C300DB673F /* 4.png in Resources */ = {isa = PBXBuildFile; fileRef = E02EC5CB18CFF3C300DB673F /* 4.png */; };
		E02EC5D618CFF5D200DB673F /* 5.png in Resources */ = {isa = PBXBuildFile; fileRef = E02EC5D018CFF5D200DB673F /* 5.png */; };
		E02EC5D718CFF5D200DB673F /* 6.png in Resources */ = {isa = PBXBuildFile; fileRef = E02EC5D118CFF5D200DB673F /* 6.png */; };
		E02EC5D818CFF5D200DB673F /* 7.png in Resources */ = {isa = PBXBuildFile; fileRef = E02EC5D218CFF5D200DB673F /* 7.png */; };
		E02EC5D918CFF5D200DB673F /* 8.png in Resources */ = {isa = PBXBuildFile; fileRef = E02EC5D318CFF5D200DB673F /* 8.png */; };
		E02EC5DA18CFF5D200DB673F /* 9.png in Resources */ = {isa = PBXBuildFile; fileRef = E02EC5D418CFF5D200DB673F /* 9.png */; };
		E02EC5DB18CFF5D200DB673F /* 10.png in Resources */ = {isa = PBXBuildFile; fileRef = E02EC5D518CFF5D200DB673F /* 10.png */; };
		E02EC5DD18CFFD0600DB673F /* QuartzCore.framework in Frameworks */ = {isa = PBXBuildFile; fileRef = E02EC5DC18CFFD0600DB673F /* QuartzCore.framework */; };
/* End PBXBuildFile section */

/* Begin PBXContainerItemProxy section */
		E02EC5AE18CFEE2000DB673F /* PBXContainerItemProxy */ = {
			isa = PBXContainerItemProxy;
			containerPortal = E02EC58018CFEE2000DB673F /* Project object */;
			proxyType = 1;
			remoteGlobalIDString = E02EC58718CFEE2000DB673F;
			remoteInfo = "practica 6";
		};
/* End PBXContainerItemProxy section */

/* Begin PBXFileReference section */
		E02EC58818CFEE2000DB673F /* practica 6.app */ = {isa = PBXFileReference; explicitFileType = wrapper.application; includeInIndex = 0; path = "practica 6.app"; sourceTree = BUILT_PRODUCTS_DIR; };
		E02EC58B18CFEE2000DB673F /* Foundation.framework */ = {isa = PBXFileReference; lastKnownFileType = wrapper.framework; name = Foundation.framework; path = System/Library/Frameworks/Foundation.framework; sourceTree = SDKROOT; };
		E02EC58D18CFEE2000DB673F /* CoreGraphics.framework */ = {isa = PBXFileReference; lastKnownFileType = wrapper.framework; name = CoreGraphics.framework; path = System/Library/Frameworks/CoreGraphics.framework; sourceTree = SDKROOT; };
		E02EC58F18CFEE2000DB673F /* UIKit.framework */ = {isa = PBXFileReference; lastKnownFileType = wrapper.framework; name = UIKit.framework; path = System/Library/Frameworks/UIKit.framework; sourceTree = SDKROOT; };
		E02EC59318CFEE2000DB673F /* practica 6-Info.plist */ = {isa = PBXFileReference; lastKnownFileType = text.plist.xml; path = "practica 6-Info.plist"; sourceTree = "<group>"; };
		E02EC59518CFEE2000DB673F /* en */ = {isa = PBXFileReference; lastKnownFileType = text.plist.strings; name = en; path = en.lproj/InfoPlist.strings; sourceTree = "<group>"; };
		E02EC59718CFEE2000DB673F /* main.m */ = {isa = PBXFileReference; lastKnownFileType = sourcecode.c.objc; path = main.m; sourceTree = "<group>"; };
		E02EC59918CFEE2000DB673F /* practica 6-Prefix.pch */ = {isa = PBXFileReference; lastKnownFileType = sourcecode.c.h; path = "practica 6-Prefix.pch"; sourceTree = "<group>"; };
		E02EC59A18CFEE2000DB673F /* AppDelegate.h */ = {isa = PBXFileReference; lastKnownFileType = sourcecode.c.h; path = AppDelegate.h; sourceTree = "<group>"; };
		E02EC59B18CFEE2000DB673F /* AppDelegate.m */ = {isa = PBXFileReference; lastKnownFileType = sourcecode.c.objc; path = AppDelegate.m; sourceTree = "<group>"; };
		E02EC59E18CFEE2000DB673F /* Base */ = {isa = PBXFileReference; lastKnownFileType = file.storyboard; name = Base; path = Base.lproj/Main.storyboard; sourceTree = "<group>"; };
		E02EC5A018CFEE2000DB673F /* ViewController.h */ = {isa = PBXFileReference; lastKnownFileType = sourcecode.c.h; path = ViewController.h; sourceTree = "<group>"; };
		E02EC5A118CFEE2000DB673F /* ViewController.m */ = {isa = PBXFileReference; lastKnownFileType = sourcecode.c.objc; path = ViewController.m; sourceTree = "<group>"; };
		E02EC5A318CFEE2000DB673F /* Images.xcassets */ = {isa = PBXFileReference; lastKnownFileType = folder.assetcatalog; path = Images.xcassets; sourceTree = "<group>"; };
		E02EC5A918CFEE2000DB673F /* practica 6Tests.xctest */ = {isa = PBXFileReference; explicitFileType = wrapper.cfbundle; includeInIndex = 0; path = "practica 6Tests.xctest"; sourceTree = BUILT_PRODUCTS_DIR; };
		E02EC5AA18CFEE2000DB673F /* XCTest.framework */ = {isa = PBXFileReference; lastKnownFileType = wrapper.framework; name = XCTest.framework; path = Library/Frameworks/XCTest.framework; sourceTree = DEVELOPER_DIR; };
		E02EC5B218CFEE2000DB673F /* practica 6Tests-Info.plist */ = {isa = PBXFileReference; lastKnownFileType = text.plist.xml; path = "practica 6Tests-Info.plist"; sourceTree = "<group>"; };
		E02EC5B418CFEE2000DB673F /* en */ = {isa = PBXFileReference; lastKnownFileType = text.plist.strings; name = en; path = en.lproj/InfoPlist.strings; sourceTree = "<group>"; };
		E02EC5B618CFEE2000DB673F /* practica_6Tests.m */ = {isa = PBXFileReference; lastKnownFileType = sourcecode.c.objc; path = practica_6Tests.m; sourceTree = "<group>"; };
		E02EC5C818CFF3C300DB673F /* 1.png */ = {isa = PBXFileReference; lastKnownFileType = image.png; name = 1.png; path = "../../../animacionMorra/imagenes & sound/1.png"; sourceTree = "<group>"; };
		E02EC5C918CFF3C300DB673F /* 2.png */ = {isa = PBXFileReference; lastKnownFileType = image.png; name = 2.png; path = "../../../animacionMorra/imagenes & sound/2.png"; sourceTree = "<group>"; };
		E02EC5CA18CFF3C300DB673F /* 3.png */ = {isa = PBXFileReference; lastKnownFileType = image.png; name = 3.png; path = "../../../animacionMorra/imagenes & sound/3.png"; sourceTree = "<group>"; };
		E02EC5CB18CFF3C300DB673F /* 4.png */ = {isa = PBXFileReference; lastKnownFileType = image.png; name = 4.png; path = "../../../animacionMorra/imagenes & sound/4.png"; sourceTree = "<group>"; };
		E02EC5D018CFF5D200DB673F /* 5.png */ = {isa = PBXFileReference; lastKnownFileType = image.png; name = 5.png; path = "../../../animacionMorra/imagenes & sound/5.png"; sourceTree = "<group>"; };
		E02EC5D118CFF5D200DB673F /* 6.png */ = {isa = PBXFileReference; lastKnownFileType = image.png; name = 6.png; path = "../../../animacionMorra/imagenes & sound/6.png"; sourceTree = "<group>"; };
		E02EC5D218CFF5D200DB673F /* 7.png */ = {isa = PBXFileReference; lastKnownFileType = image.png; name = 7.png; path = "../../../animacionMorra/imagenes & sound/7.png"; sourceTree = "<group>"; };
		E02EC5D318CFF5D200DB673F /* 8.png */ = {isa = PBXFileReference; lastKnownFileType = image.png; name = 8.png; path = "../../../animacionMorra/imagenes & sound/8.png"; sourceTree = "<group>"; };
		E02EC5D418CFF5D200DB673F /* 9.png */ = {isa = PBXFileReference; lastKnownFileType = image.png; name = 9.png; path = "../../../animacionMorra/imagenes & sound/9.png"; sourceTree = "<group>"; };
		E02EC5D518CFF5D200DB673F /* 10.png */ = {isa = PBXFileReference; lastKnownFileType = image.png; name = 10.png; path = "../../../animacionMorra/imagenes & sound/10.png"; sourceTree = "<group>"; };
		E02EC5DC18CFFD0600DB673F /* QuartzCore.framework */ = {isa = PBXFileReference; lastKnownFileType = wrapper.framework; name = QuartzCore.framework; path = System/Library/Frameworks/QuartzCore.framework; sourceTree = SDKROOT; };
/* End PBXFileReference section */

/* Begin PBXFrameworksBuildPhase section */
		E02EC58518CFEE2000DB673F /* Frameworks */ = {
			isa = PBXFrameworksBuildPhase;
			buildActionMask = 2147483647;
			files = (
				E02EC5DD18CFFD0600DB673F /* QuartzCore.framework in Frameworks */,
				E02EC58E18CFEE2000DB673F /* CoreGraphics.framework in Frameworks */,
				E02EC59018CFEE2000DB673F /* UIKit.framework in Frameworks */,
				E02EC58C18CFEE2000DB673F /* Foundation.framework in Frameworks */,
			);
			runOnlyForDeploymentPostprocessing = 0;
		};
		E02EC5A618CFEE2000DB673F /* Frameworks */ = {
			isa = PBXFrameworksBuildPhase;
			buildActionMask = 2147483647;
			files = (
				E02EC5AB18CFEE2000DB673F /* XCTest.framework in Frameworks */,
				E02EC5AD18CFEE2000DB673F /* UIKit.framework in Frameworks */,
				E02EC5AC18CFEE2000DB673F /* Foundation.framework in Frameworks */,
			);
			runOnlyForDeploymentPostprocessing = 0;
		};
/* End PBXFrameworksBuildPhase section */

/* Begin PBXGroup section */
		E02EC57F18CFEE2000DB673F = {
			isa = PBXGroup;
			children = (
				E02EC59118CFEE2000DB673F /* practica 6 */,
				E02EC5B018CFEE2000DB673F /* practica 6Tests */,
				E02EC58A18CFEE2000DB673F /* Frameworks */,
				E02EC58918CFEE2000DB673F /* Products */,
			);
			sourceTree = "<group>";
		};
		E02EC58918CFEE2000DB673F /* Products */ = {
			isa = PBXGroup;
			children = (
				E02EC58818CFEE2000DB673F /* practica 6.app */,
				E02EC5A918CFEE2000DB673F /* practica 6Tests.xctest */,
			);
			name = Products;
			sourceTree = "<group>";
		};
		E02EC58A18CFEE2000DB673F /* Frameworks */ = {
			isa = PBXGroup;
			children = (
				E02EC5DC18CFFD0600DB673F /* QuartzCore.framework */,
				E02EC58B18CFEE2000DB673F /* Foundation.framework */,
				E02EC58D18CFEE2000DB673F /* CoreGraphics.framework */,
				E02EC58F18CFEE2000DB673F /* UIKit.framework */,
				E02EC5AA18CFEE2000DB673F /* XCTest.framework */,
			);
			name = Frameworks;
			sourceTree = "<group>";
		};
		E02EC59118CFEE2000DB673F /* practica 6 */ = {
			isa = PBXGroup;
			children = (
				E02EC5D018CFF5D200DB673F /* 5.png */,
				E02EC5D118CFF5D200DB673F /* 6.png */,
				E02EC5D218CFF5D200DB673F /* 7.png */,
				E02EC5D318CFF5D200DB673F /* 8.png */,
				E02EC5D418CFF5D200DB673F /* 9.png */,
				E02EC5D518CFF5D200DB673F /* 10.png */,
				E02EC5C818CFF3C300DB673F /* 1.png */,
				E02EC5C918CFF3C300DB673F /* 2.png */,
				E02EC5CA18CFF3C300DB673F /* 3.png */,
				E02EC5CB18CFF3C300DB673F /* 4.png */,
				E02EC59A18CFEE2000DB673F /* AppDelegate.h */,
				E02EC59B18CFEE2000DB673F /* AppDelegate.m */,
				E02EC59D18CFEE2000DB673F /* Main.storyboard */,
				E02EC5A018CFEE2000DB673F /* ViewController.h */,
				E02EC5A118CFEE2000DB673F /* ViewController.m */,
				E02EC5A318CFEE2000DB673F /* Images.xcassets */,
				E02EC59218CFEE2000DB673F /* Supporting Files */,
			);
			path = "practica 6";
			sourceTree = "<group>";
		};
		E02EC59218CFEE2000DB673F /* Supporting Files */ = {
			isa = PBXGroup;
			children = (
				E02EC59318CFEE2000DB673F /* practica 6-Info.plist */,
				E02EC59418CFEE2000DB673F /* InfoPlist.strings */,
				E02EC59718CFEE2000DB673F /* main.m */,
				E02EC59918CFEE2000DB673F /* practica 6-Prefix.pch */,
			);
			name = "Supporting Files";
			sourceTree = "<group>";
		};
		E02EC5B018CFEE2000DB673F /* practica 6Tests */ = {
			isa = PBXGroup;
			children = (
				E02EC5B618CFEE2000DB673F /* practica_6Tests.m */,
				E02EC5B118CFEE2000DB673F /* Supporting Files */,
			);
			path = "practica 6Tests";
			sourceTree = "<group>";
		};
		E02EC5B118CFEE2000DB673F /* Supporting Files */ = {
			isa = PBXGroup;
			children = (
				E02EC5B218CFEE2000DB673F /* practica 6Tests-Info.plist */,
				E02EC5B318CFEE2000DB673F /* InfoPlist.strings */,
			);
			name = "Supporting Files";
			sourceTree = "<group>";
		};
/* End PBXGroup section */

/* Begin PBXNativeTarget section */
		E02EC58718CFEE2000DB673F /* practica 6 */ = {
			isa = PBXNativeTarget;
			buildConfigurationList = E02EC5BA18CFEE2000DB673F /* Build configuration list for PBXNativeTarget "practica 6" */;
			buildPhases = (
				E02EC58418CFEE2000DB673F /* Sources */,
				E02EC58518CFEE2000DB673F /* Frameworks */,
				E02EC58618CFEE2000DB673F /* Resources */,
			);
			buildRules = (
			);
			dependencies = (
			);
			name = "practica 6";
			productName = "practica 6";
			productReference = E02EC58818CFEE2000DB673F /* practica 6.app */;
			productType = "com.apple.product-type.application";
		};
		E02EC5A818CFEE2000DB673F /* practica 6Tests */ = {
			isa = PBXNativeTarget;
			buildConfigurationList = E02EC5BD18CFEE2000DB673F /* Build configuration list for PBXNativeTarget "practica 6Tests" */;
			buildPhases = (
				E02EC5A518CFEE2000DB673F /* Sources */,
				E02EC5A618CFEE2000DB673F /* Frameworks */,
				E02EC5A718CFEE2000DB673F /* Resources */,
			);
			buildRules = (
			);
			dependencies = (
				E02EC5AF18CFEE2000DB673F /* PBXTargetDependency */,
			);
			name = "practica 6Tests";
			productName = "practica 6Tests";
			productReference = E02EC5A918CFEE2000DB673F /* practica 6Tests.xctest */;
			productType = "com.apple.product-type.bundle.unit-test";
		};
/* End PBXNativeTarget section */

/* Begin PBXProject section */
		E02EC58018CFEE2000DB673F /* Project object */ = {
			isa = PBXProject;
			attributes = {
				LastUpgradeCheck = 0510;
				ORGANIZATIONNAME = LabMovi01;
				TargetAttributes = {
					E02EC5A818CFEE2000DB673F = {
						TestTargetID = E02EC58718CFEE2000DB673F;
					};
				};
			};
			buildConfigurationList = E02EC58318CFEE2000DB673F /* Build configuration list for PBXProject "practica 6" */;
			compatibilityVersion = "Xcode 3.2";
			developmentRegion = English;
			hasScannedForEncodings = 0;
			knownRegions = (
				en,
				Base,
			);
			mainGroup = E02EC57F18CFEE2000DB673F;
			productRefGroup = E02EC58918CFEE2000DB673F /* Products */;
			projectDirPath = "";
			projectRoot = "";
			targets = (
				E02EC58718CFEE2000DB673F /* practica 6 */,
				E02EC5A818CFEE2000DB673F /* practica 6Tests */,
			);
		};
/* End PBXProject section */

/* Begin PBXResourcesBuildPhase section */
		E02EC58618CFEE2000DB673F /* Resources */ = {
			isa = PBXResourcesBuildPhase;
			buildActionMask = 2147483647;
			files = (
				E02EC5DB18CFF5D200DB673F /* 10.png in Resources */,
				E02EC5D918CFF5D200DB673F /* 8.png in Resources */,
				E02EC5A418CFEE2000DB673F /* Images.xcassets in Resources */,
				E02EC5CF18CFF3C300DB673F /* 4.png in Resources */,
				E02EC5CC18CFF3C300DB673F /* 1.png in Resources */,
				E02EC5D718CFF5D200DB673F /* 6.png in Resources */,
				E02EC5CD18CFF3C300DB673F /* 2.png in Resources */,
				E02EC5CE18CFF3C300DB673F /* 3.png in Resources */,
				E02EC5D618CFF5D200DB673F /* 5.png in Resources */,
				E02EC5D818CFF5D200DB673F /* 7.png in Resources */,
				E02EC5DA18CFF5D200DB673F /* 9.png in Resources */,
				E02EC59618CFEE2000DB673F /* InfoPlist.strings in Resources */,
				E02EC59F18CFEE2000DB673F /* Main.storyboard in Resources */,
			);
			runOnlyForDeploymentPostprocessing = 0;
		};
		E02EC5A718CFEE2000DB673F /* Resources */ = {
			isa = PBXResourcesBuildPhase;
			buildActionMask = 2147483647;
			files = (
				E02EC5B518CFEE2000DB673F /* InfoPlist.strings in Resources */,
			);
			runOnlyForDeploymentPostprocessing = 0;
		};
/* End PBXResourcesBuildPhase section */

/* Begin PBXSourcesBuildPhase section */
		E02EC58418CFEE2000DB673F /* Sources */ = {
			isa = PBXSourcesBuildPhase;
			buildActionMask = 2147483647;
			files = (
				E02EC5A218CFEE2000DB673F /* ViewController.m in Sources */,
				E02EC59C18CFEE2000DB673F /* AppDelegate.m in Sources */,
				E02EC59818CFEE2000DB673F /* main.m in Sources */,
			);
			runOnlyForDeploymentPostprocessing = 0;
		};
		E02EC5A518CFEE2000DB673F /* Sources */ = {
			isa = PBXSourcesBuildPhase;
			buildActionMask = 2147483647;
			files = (
				E02EC5B718CFEE2000DB673F /* practica_6Tests.m in Sources */,
			);
			runOnlyForDeploymentPostprocessing = 0;
		};
/* End PBXSourcesBuildPhase section */

/* Begin PBXTargetDependency section */
		E02EC5AF18CFEE2000DB673F /* PBXTargetDependency */ = {
			isa = PBXTargetDependency;
			target = E02EC58718CFEE2000DB673F /* practica 6 */;
			targetProxy = E02EC5AE18CFEE2000DB673F /* PBXContainerItemProxy */;
		};
/* End PBXTargetDependency section */

/* Begin PBXVariantGroup section */
		E02EC59418CFEE2000DB673F /* InfoPlist.strings */ = {
			isa = PBXVariantGroup;
			children = (
				E02EC59518CFEE2000DB673F /* en */,
			);
			name = InfoPlist.strings;
			sourceTree = "<group>";
		};
		E02EC59D18CFEE2000DB673F /* Main.storyboard */ = {
			isa = PBXVariantGroup;
			children = (
				E02EC59E18CFEE2000DB673F /* Base */,
			);
			name = Main.storyboard;
			sourceTree = "<group>";
		};
		E02EC5B318CFEE2000DB673F /* InfoPlist.strings */ = {
			isa = PBXVariantGroup;
			children = (
				E02EC5B418CFEE2000DB673F /* en */,
			);
			name = InfoPlist.strings;
			sourceTree = "<group>";
		};
/* End PBXVariantGroup section */

/* Begin XCBuildConfiguration section */
		E02EC5B818CFEE2000DB673F /* Debug */ = {
			isa = XCBuildConfiguration;
			buildSettings = {
				ALWAYS_SEARCH_USER_PATHS = NO;
				CLANG_CXX_LANGUAGE_STANDARD = "gnu++0x";
				CLANG_CXX_LIBRARY = "libc++";
				CLANG_ENABLE_MODULES = YES;
				CLANG_ENABLE_OBJC_ARC = YES;
				CLANG_WARN_BOOL_CONVERSION = YES;
				CLANG_WARN_CONSTANT_CONVERSION = YES;
				CLANG_WARN_DIRECT_OBJC_ISA_USAGE = YES_ERROR;
				CLANG_WARN_EMPTY_BODY = YES;
				CLANG_WARN_ENUM_CONVERSION = YES;
				CLANG_WARN_INT_CONVERSION = YES;
				CLANG_WARN_OBJC_ROOT_CLASS = YES_ERROR;
				CLANG_WARN__DUPLICATE_METHOD_MATCH = YES;
				"CODE_SIGN_IDENTITY[sdk=iphoneos*]" = "iPhone Developer";
				COPY_PHASE_STRIP = NO;
				GCC_C_LANGUAGE_STANDARD = gnu99;
				GCC_DYNAMIC_NO_PIC = NO;
				GCC_OPTIMIZATION_LEVEL = 0;
				GCC_PREPROCESSOR_DEFINITIONS = (
					"DEBUG=1",
					"$(inherited)",
				);
				GCC_SYMBOLS_PRIVATE_EXTERN = NO;
				GCC_WARN_64_TO_32_BIT_CONVERSION = YES;
				GCC_WARN_ABOUT_RETURN_TYPE = YES_ERROR;
				GCC_WARN_UNDECLARED_SELECTOR = YES;
				GCC_WARN_UNINITIALIZED_AUTOS = YES_AGGRESSIVE;
				GCC_WARN_UNUSED_FUNCTION = YES;
				GCC_WARN_UNUSED_VARIABLE = YES;
				IPHONEOS_DEPLOYMENT_TARGET = 7.1;
				ONLY_ACTIVE_ARCH = YES;
				SDKROOT = iphoneos;
			};
			name = Debug;
		};
		E02EC5B918CFEE2000DB673F /* Release */ = {
			isa = XCBuildConfiguration;
			buildSettings = {
				ALWAYS_SEARCH_USER_PATHS = NO;
				CLANG_CXX_LANGUAGE_STANDARD = "gnu++0x";
				CLANG_CXX_LIBRARY = "libc++";
				CLANG_ENABLE_MODULES = YES;
				CLANG_ENABLE_OBJC_ARC = YES;
				CLANG_WARN_BOOL_CONVERSION = YES;
				CLANG_WARN_CONSTANT_CONVERSION = YES;
				CLANG_WARN_DIRECT_OBJC_ISA_USAGE = YES_ERROR;
				CLANG_WARN_EMPTY_BODY = YES;
				CLANG_WARN_ENUM_CONVERSION = YES;
				CLANG_WARN_INT_CONVERSION = YES;
				CLANG_WARN_OBJC_ROOT_CLASS = YES_ERROR;
				CLANG_WARN__DUPLICATE_METHOD_MATCH = YES;
				"CODE_SIGN_IDENTITY[sdk=iphoneos*]" = "iPhone Developer";
				COPY_PHASE_STRIP = YES;
				ENABLE_NS_ASSERTIONS = NO;
				GCC_C_LANGUAGE_STANDARD = gnu99;
				GCC_WARN_64_TO_32_BIT_CONVERSION = YES;
				GCC_WARN_ABOUT_RETURN_TYPE = YES_ERROR;
				GCC_WARN_UNDECLARED_SELECTOR = YES;
				GCC_WARN_UNINITIALIZED_AUTOS = YES_AGGRESSIVE;
				GCC_WARN_UNUSED_FUNCTION = YES;
				GCC_WARN_UNUSED_VARIABLE = YES;
				IPHONEOS_DEPLOYMENT_TARGET = 7.1;
				SDKROOT = iphoneos;
				VALIDATE_PRODUCT = YES;
			};
			name = Release;
		};
		E02EC5BB18CFEE2000DB673F /* Debug */ = {
			isa = XCBuildConfiguration;
			buildSettings = {
				ASSETCATALOG_COMPILER_APPICON_NAME = AppIcon;
				ASSETCATALOG_COMPILER_LAUNCHIMAGE_NAME = LaunchImage;
				GCC_PRECOMPILE_PREFIX_HEADER = YES;
				GCC_PREFIX_HEADER = "practica 6/practica 6-Prefix.pch";
				INFOPLIST_FILE = "practica 6/practica 6-Info.plist";
				PRODUCT_NAME = "$(TARGET_NAME)";
				WRAPPER_EXTENSION = app;
			};
			name = Debug;
		};
		E02EC5BC18CFEE2000DB673F /* Release */ = {
			isa = XCBuildConfiguration;
			buildSettings = {
				ASSETCATALOG_COMPILER_APPICON_NAME = AppIcon;
				ASSETCATALOG_COMPILER_LAUNCHIMAGE_NAME = LaunchImage;
				GCC_PRECOMPILE_PREFIX_HEADER = YES;
				GCC_PREFIX_HEADER = "practica 6/practica 6-Prefix.pch";
				INFOPLIST_FILE = "practica 6/practica 6-Info.plist";
				PRODUCT_NAME = "$(TARGET_NAME)";
				WRAPPER_EXTENSION = app;
			};
			name = Release;
		};
		E02EC5BE18CFEE2000DB673F /* Debug */ = {
			isa = XCBuildConfiguration;
			buildSettings = {
				BUNDLE_LOADER = "$(BUILT_PRODUCTS_DIR)/practica 6.app/practica 6";
				FRAMEWORK_SEARCH_PATHS = (
					"$(SDKROOT)/Developer/Library/Frameworks",
					"$(inherited)",
					"$(DEVELOPER_FRAMEWORKS_DIR)",
				);
				GCC_PRECOMPILE_PREFIX_HEADER = YES;
				GCC_PREFIX_HEADER = "practica 6/practica 6-Prefix.pch";
				GCC_PREPROCESSOR_DEFINITIONS = (
					"DEBUG=1",
					"$(inherited)",
				);
				INFOPLIST_FILE = "practica 6Tests/practica 6Tests-Info.plist";
				PRODUCT_NAME = "$(TARGET_NAME)";
				TEST_HOST = "$(BUNDLE_LOADER)";
				WRAPPER_EXTENSION = xctest;
			};
			name = Debug;
		};
		E02EC5BF18CFEE2000DB673F /* Release */ = {
			isa = XCBuildConfiguration;
			buildSettings = {
				BUNDLE_LOADER = "$(BUILT_PRODUCTS_DIR)/practica 6.app/practica 6";
				FRAMEWORK_SEARCH_PATHS = (
					"$(SDKROOT)/Developer/Library/Frameworks",
					"$(inherited)",
					"$(DEVELOPER_FRAMEWORKS_DIR)",
				);
				GCC_PRECOMPILE_PREFIX_HEADER = YES;
				GCC_PREFIX_HEADER = "practica 6/practica 6-Prefix.pch";
				INFOPLIST_FILE = "practica 6Tests/practica 6Tests-Info.plist";
				PRODUCT_NAME = "$(TARGET_NAME)";
				TEST_HOST = "$(BUNDLE_LOADER)";
				WRAPPER_EXTENSION = xctest;
			};
			name = Release;
		};
/* End XCBuildConfiguration section */

/* Begin XCConfigurationList section */
		E02EC58318CFEE2000DB673F /* Build configuration list for PBXProject "practica 6" */ = {
			isa = XCConfigurationList;
			buildConfigurations = (
				E02EC5B818CFEE2000DB673F /* Debug */,
				E02EC5B918CFEE2000DB673F /* Release */,
			);
			defaultConfigurationIsVisible = 0;
			defaultConfigurationName = Release;
		};
		E02EC5BA18CFEE2000DB673F /* Build configuration list for PBXNativeTarget "practica 6" */ = {
			isa = XCConfigurationList;
			buildConfigurations = (
				E02EC5BB18CFEE2000DB673F /* Debug */,
				E02EC5BC18CFEE2000DB673F /* Release */,
			);
			defaultConfigurationIsVisible = 0;
		};
		E02EC5BD18CFEE2000DB673F /* Build configuration list for PBXNativeTarget "practica 6Tests" */ = {
			isa = XCConfigurationList;
			buildConfigurations = (
				E02EC5BE18CFEE2000DB673F /* Debug */,
				E02EC5BF18CFEE2000DB673F /* Release */,
			);
			defaultConfigurationIsVisible = 0;
		};
/* End XCConfigurationList section */
	};
	rootObject = E02EC58018CFEE2000DB673F /* Project object */;
}
